// !$*UTF8*$!
{
	archiveVersion = 1;
	classes = {
	};
	objectVersion = 50;
	objects = {

/* Begin PBXBuildFile section */
		52E5ABD22138601A00AFE0CC /* AppDelegate.swift in Sources */ = {isa = PBXBuildFile; fileRef = 52E5ABD12138601A00AFE0CC /* AppDelegate.swift */; };
		52E5ABD42138601A00AFE0CC /* ViewController.swift in Sources */ = {isa = PBXBuildFile; fileRef = 52E5ABD32138601A00AFE0CC /* ViewController.swift */; };
		52E5ABD72138601A00AFE0CC /* Main.storyboard in Resources */ = {isa = PBXBuildFile; fileRef = 52E5ABD52138601A00AFE0CC /* Main.storyboard */; };
		52E5ABD92138601B00AFE0CC /* Assets.xcassets in Resources */ = {isa = PBXBuildFile; fileRef = 52E5ABD82138601B00AFE0CC /* Assets.xcassets */; };
		52E5ABDC2138601B00AFE0CC /* LaunchScreen.storyboard in Resources */ = {isa = PBXBuildFile; fileRef = 52E5ABDA2138601B00AFE0CC /* LaunchScreen.storyboard */; };
		52FF6DE2213867B400C32019 /* .travis.yml in Resources */ = {isa = PBXBuildFile; fileRef = 52FF6DDF213867B400C32019 /* .travis.yml */; };
		52FF6DE3213867B400C32019 /* README.md in Resources */ = {isa = PBXBuildFile; fileRef = 52FF6DE0213867B400C32019 /* README.md */; };
		52FF6DE4213867B400C32019 /* Podfile in Resources */ = {isa = PBXBuildFile; fileRef = 52FF6DE1213867B400C32019 /* Podfile */; };
		52FF6DE72138873F00C32019 /* JGForecast.swift in Sources */ = {isa = PBXBuildFile; fileRef = 52FF6DE62138873F00C32019 /* JGForecast.swift */; };
		8DA90A2128A6EDF2A7B3DDF4 /* Pods_JGWeatherTests.framework in Frameworks */ = {isa = PBXBuildFile; fileRef = 40042FAABD9A8CC3054F6AF1 /* Pods_JGWeatherTests.framework */; };
		FED940739FBA176D9AB7EE12 /* Pods_JGWeather.framework in Frameworks */ = {isa = PBXBuildFile; fileRef = E455D971B9E9B97705873017 /* Pods_JGWeather.framework */; };
/* End PBXBuildFile section */

/* Begin PBXContainerItemProxy section */
		52E5ABE32138601B00AFE0CC /* PBXContainerItemProxy */ = {
			isa = PBXContainerItemProxy;
			containerPortal = 52E5ABC62138601A00AFE0CC /* Project object */;
			proxyType = 1;
			remoteGlobalIDString = 52E5ABCD2138601A00AFE0CC;
			remoteInfo = JGWeather;
		};
/* End PBXContainerItemProxy section */

/* Begin PBXFileReference section */
		08623DCD7E4E7E8897B58790 /* Pods-JGWeather.debug.xcconfig */ = {isa = PBXFileReference; includeInIndex = 1; lastKnownFileType = text.xcconfig; name = "Pods-JGWeather.debug.xcconfig"; path = "Pods/Target Support Files/Pods-JGWeather/Pods-JGWeather.debug.xcconfig"; sourceTree = "<group>"; };
		0EFA87AB7D875AC15BF68319 /* Pods-JGWeatherTests.debug.xcconfig */ = {isa = PBXFileReference; includeInIndex = 1; lastKnownFileType = text.xcconfig; name = "Pods-JGWeatherTests.debug.xcconfig"; path = "Pods/Target Support Files/Pods-JGWeatherTests/Pods-JGWeatherTests.debug.xcconfig"; sourceTree = "<group>"; };
		0FDA06C9AAFD508116957360 /* Pods-JGWeatherTests.release.xcconfig */ = {isa = PBXFileReference; includeInIndex = 1; lastKnownFileType = text.xcconfig; name = "Pods-JGWeatherTests.release.xcconfig"; path = "Pods/Target Support Files/Pods-JGWeatherTests/Pods-JGWeatherTests.release.xcconfig"; sourceTree = "<group>"; };
		1C620FF389C7ED8DF6FE602A /* Pods-JGWeather.release.xcconfig */ = {isa = PBXFileReference; includeInIndex = 1; lastKnownFileType = text.xcconfig; name = "Pods-JGWeather.release.xcconfig"; path = "Pods/Target Support Files/Pods-JGWeather/Pods-JGWeather.release.xcconfig"; sourceTree = "<group>"; };
		40042FAABD9A8CC3054F6AF1 /* Pods_JGWeatherTests.framework */ = {isa = PBXFileReference; explicitFileType = wrapper.framework; includeInIndex = 0; path = Pods_JGWeatherTests.framework; sourceTree = BUILT_PRODUCTS_DIR; };
		52E5ABCE2138601A00AFE0CC /* JGWeather.app */ = {isa = PBXFileReference; explicitFileType = wrapper.application; includeInIndex = 0; path = JGWeather.app; sourceTree = BUILT_PRODUCTS_DIR; };
		52E5ABD12138601A00AFE0CC /* AppDelegate.swift */ = {isa = PBXFileReference; lastKnownFileType = sourcecode.swift; path = AppDelegate.swift; sourceTree = "<group>"; };
		52E5ABD32138601A00AFE0CC /* ViewController.swift */ = {isa = PBXFileReference; lastKnownFileType = sourcecode.swift; path = ViewController.swift; sourceTree = "<group>"; };
		52E5ABD62138601A00AFE0CC /* Base */ = {isa = PBXFileReference; lastKnownFileType = file.storyboard; name = Base; path = Base.lproj/Main.storyboard; sourceTree = "<group>"; };
		52E5ABD82138601B00AFE0CC /* Assets.xcassets */ = {isa = PBXFileReference; lastKnownFileType = folder.assetcatalog; path = Assets.xcassets; sourceTree = "<group>"; };
		52E5ABDB2138601B00AFE0CC /* Base */ = {isa = PBXFileReference; lastKnownFileType = file.storyboard; name = Base; path = Base.lproj/LaunchScreen.storyboard; sourceTree = "<group>"; };
		52E5ABDD2138601B00AFE0CC /* Info.plist */ = {isa = PBXFileReference; lastKnownFileType = text.plist.xml; path = Info.plist; sourceTree = "<group>"; };
		52E5ABE22138601B00AFE0CC /* JGWeatherTests.xctest */ = {isa = PBXFileReference; explicitFileType = wrapper.cfbundle; includeInIndex = 0; path = JGWeatherTests.xctest; sourceTree = BUILT_PRODUCTS_DIR; };
		52E5ABE82138601B00AFE0CC /* Info.plist */ = {isa = PBXFileReference; lastKnownFileType = text.plist.xml; path = Info.plist; sourceTree = "<group>"; };
		52FF6DDF213867B400C32019 /* .travis.yml */ = {isa = PBXFileReference; fileEncoding = 4; lastKnownFileType = text; path = .travis.yml; sourceTree = SOURCE_ROOT; };
		52FF6DE0213867B400C32019 /* README.md */ = {isa = PBXFileReference; fileEncoding = 4; lastKnownFileType = net.daringfireball.markdown; path = README.md; sourceTree = SOURCE_ROOT; };
		52FF6DE1213867B400C32019 /* Podfile */ = {isa = PBXFileReference; fileEncoding = 4; lastKnownFileType = text; path = Podfile; sourceTree = SOURCE_ROOT; xcLanguageSpecificationIdentifier = xcode.lang.ruby; };
		52FF6DE62138873F00C32019 /* JGForecast.swift */ = {isa = PBXFileReference; lastKnownFileType = sourcecode.swift; path = JGForecast.swift; sourceTree = "<group>"; };
		E455D971B9E9B97705873017 /* Pods_JGWeather.framework */ = {isa = PBXFileReference; explicitFileType = wrapper.framework; includeInIndex = 0; path = Pods_JGWeather.framework; sourceTree = BUILT_PRODUCTS_DIR; };
/* End PBXFileReference section */

/* Begin PBXFrameworksBuildPhase section */
		52E5ABCB2138601A00AFE0CC /* Frameworks */ = {
			isa = PBXFrameworksBuildPhase;
			buildActionMask = 2147483647;
			files = (
				FED940739FBA176D9AB7EE12 /* Pods_JGWeather.framework in Frameworks */,
			);
			runOnlyForDeploymentPostprocessing = 0;
		};
		52E5ABDF2138601B00AFE0CC /* Frameworks */ = {
			isa = PBXFrameworksBuildPhase;
			buildActionMask = 2147483647;
			files = (
				8DA90A2128A6EDF2A7B3DDF4 /* Pods_JGWeatherTests.framework in Frameworks */,
			);
			runOnlyForDeploymentPostprocessing = 0;
		};
/* End PBXFrameworksBuildPhase section */

/* Begin PBXGroup section */
		52B39D2821395E36003960C6 /* Unit Tests */ = {
			isa = PBXGroup;
			children = (
			);
			path = "Unit Tests";
			sourceTree = "<group>";
		};
		52B39D2921395E3E003960C6 /* Integration Tests */ = {
			isa = PBXGroup;
			children = (
			);
			path = "Integration Tests";
			sourceTree = "<group>";
		};
		52E5ABC52138601A00AFE0CC = {
			isa = PBXGroup;
			children = (
				52E5ABD02138601A00AFE0CC /* JGWeather */,
				52E5ABE52138601B00AFE0CC /* JGWeatherTests */,
				52E5ABCF2138601A00AFE0CC /* Products */,
				B0FAEDBA9210463B5BC858C9 /* Pods */,
				CFBD5539253F9769E7A454D9 /* Frameworks */,
			);
			sourceTree = "<group>";
		};
		52E5ABCF2138601A00AFE0CC /* Products */ = {
			isa = PBXGroup;
			children = (
				52E5ABCE2138601A00AFE0CC /* JGWeather.app */,
				52E5ABE22138601B00AFE0CC /* JGWeatherTests.xctest */,
			);
			name = Products;
			sourceTree = "<group>";
		};
		52E5ABD02138601A00AFE0CC /* JGWeather */ = {
			isa = PBXGroup;
			children = (
				52FF6DE52138872A00C32019 /* Models */,
				52E5ABD12138601A00AFE0CC /* AppDelegate.swift */,
				52E5ABD32138601A00AFE0CC /* ViewController.swift */,
				52E5ABD52138601A00AFE0CC /* Main.storyboard */,
				52E5ABD82138601B00AFE0CC /* Assets.xcassets */,
				52E5ABDA2138601B00AFE0CC /* LaunchScreen.storyboard */,
				52E5ABDD2138601B00AFE0CC /* Info.plist */,
				52FF6DDF213867B400C32019 /* .travis.yml */,
				52FF6DE1213867B400C32019 /* Podfile */,
				52FF6DE0213867B400C32019 /* README.md */,
			);
			path = JGWeather;
			sourceTree = "<group>";
		};
		52E5ABE52138601B00AFE0CC /* JGWeatherTests */ = {
			isa = PBXGroup;
			children = (
				52B39D2821395E36003960C6 /* Unit Tests */,
				52B39D2921395E3E003960C6 /* Integration Tests */,
				52E5ABE82138601B00AFE0CC /* Info.plist */,
			);
			path = JGWeatherTests;
			sourceTree = "<group>";
		};
		52FF6DE52138872A00C32019 /* Models */ = {
			isa = PBXGroup;
			children = (
				52FF6DE62138873F00C32019 /* JGForecast.swift */,
			);
			path = Models;
			sourceTree = "<group>";
		};
		B0FAEDBA9210463B5BC858C9 /* Pods */ = {
			isa = PBXGroup;
			children = (
				08623DCD7E4E7E8897B58790 /* Pods-JGWeather.debug.xcconfig */,
				1C620FF389C7ED8DF6FE602A /* Pods-JGWeather.release.xcconfig */,
				0EFA87AB7D875AC15BF68319 /* Pods-JGWeatherTests.debug.xcconfig */,
				0FDA06C9AAFD508116957360 /* Pods-JGWeatherTests.release.xcconfig */,
			);
			name = Pods;
			sourceTree = "<group>";
		};
		CFBD5539253F9769E7A454D9 /* Frameworks */ = {
			isa = PBXGroup;
			children = (
				E455D971B9E9B97705873017 /* Pods_JGWeather.framework */,
				40042FAABD9A8CC3054F6AF1 /* Pods_JGWeatherTests.framework */,
			);
			name = Frameworks;
			sourceTree = "<group>";
		};
/* End PBXGroup section */

/* Begin PBXNativeTarget section */
		52E5ABCD2138601A00AFE0CC /* JGWeather */ = {
			isa = PBXNativeTarget;
			buildConfigurationList = 52E5ABEB2138601B00AFE0CC /* Build configuration list for PBXNativeTarget "JGWeather" */;
			buildPhases = (
				AA4F51AE87CF95178AC527CB /* [CP] Check Pods Manifest.lock */,
				52E5ABCA2138601A00AFE0CC /* Sources */,
				52E5ABCB2138601A00AFE0CC /* Frameworks */,
				52E5ABCC2138601A00AFE0CC /* Resources */,
				48C532CE70C63F4F3C4B5217 /* [CP] Embed Pods Frameworks */,
			);
			buildRules = (
			);
			dependencies = (
			);
			name = JGWeather;
			productName = JGWeather;
			productReference = 52E5ABCE2138601A00AFE0CC /* JGWeather.app */;
			productType = "com.apple.product-type.application";
		};
		52E5ABE12138601B00AFE0CC /* JGWeatherTests */ = {
			isa = PBXNativeTarget;
			buildConfigurationList = 52E5ABEE2138601B00AFE0CC /* Build configuration list for PBXNativeTarget "JGWeatherTests" */;
			buildPhases = (
				AB3FAC97768466237947CF9A /* [CP] Check Pods Manifest.lock */,
				52E5ABDE2138601B00AFE0CC /* Sources */,
				52E5ABDF2138601B00AFE0CC /* Frameworks */,
				52E5ABE02138601B00AFE0CC /* Resources */,
			);
			buildRules = (
			);
			dependencies = (
				52E5ABE42138601B00AFE0CC /* PBXTargetDependency */,
			);
			name = JGWeatherTests;
			productName = JGWeatherTests;
			productReference = 52E5ABE22138601B00AFE0CC /* JGWeatherTests.xctest */;
			productType = "com.apple.product-type.bundle.unit-test";
		};
/* End PBXNativeTarget section */

/* Begin PBXProject section */
		52E5ABC62138601A00AFE0CC /* Project object */ = {
			isa = PBXProject;
			attributes = {
				LastSwiftUpdateCheck = 0940;
				LastUpgradeCheck = 0940;
				ORGANIZATIONNAME = "Josh Gare";
				TargetAttributes = {
					52E5ABCD2138601A00AFE0CC = {
						CreatedOnToolsVersion = 9.4.1;
					};
					52E5ABE12138601B00AFE0CC = {
						CreatedOnToolsVersion = 9.4.1;
						TestTargetID = 52E5ABCD2138601A00AFE0CC;
					};
				};
			};
			buildConfigurationList = 52E5ABC92138601A00AFE0CC /* Build configuration list for PBXProject "JGWeather" */;
			compatibilityVersion = "Xcode 9.3";
			developmentRegion = en;
			hasScannedForEncodings = 0;
			knownRegions = (
				en,
				Base,
			);
			mainGroup = 52E5ABC52138601A00AFE0CC;
			productRefGroup = 52E5ABCF2138601A00AFE0CC /* Products */;
			projectDirPath = "";
			projectRoot = "";
			targets = (
				52E5ABCD2138601A00AFE0CC /* JGWeather */,
				52E5ABE12138601B00AFE0CC /* JGWeatherTests */,
			);
		};
/* End PBXProject section */

/* Begin PBXResourcesBuildPhase section */
		52E5ABCC2138601A00AFE0CC /* Resources */ = {
			isa = PBXResourcesBuildPhase;
			buildActionMask = 2147483647;
			files = (
				52FF6DE4213867B400C32019 /* Podfile in Resources */,
				52E5ABDC2138601B00AFE0CC /* LaunchScreen.storyboard in Resources */,
				52E5ABD92138601B00AFE0CC /* Assets.xcassets in Resources */,
				52FF6DE3213867B400C32019 /* README.md in Resources */,
				52FF6DE2213867B400C32019 /* .travis.yml in Resources */,
				52E5ABD72138601A00AFE0CC /* Main.storyboard in Resources */,
			);
			runOnlyForDeploymentPostprocessing = 0;
		};
		52E5ABE02138601B00AFE0CC /* Resources */ = {
			isa = PBXResourcesBuildPhase;
			buildActionMask = 2147483647;
			files = (
			);
			runOnlyForDeploymentPostprocessing = 0;
		};
/* End PBXResourcesBuildPhase section */

/* Begin PBXShellScriptBuildPhase section */
		48C532CE70C63F4F3C4B5217 /* [CP] Embed Pods Frameworks */ = {
			isa = PBXShellScriptBuildPhase;
			buildActionMask = 2147483647;
			files = (
			);
			inputPaths = (
				"${SRCROOT}/Pods/Target Support Files/Pods-JGWeather/Pods-JGWeather-frameworks.sh",
				"${BUILT_PRODUCTS_DIR}/Alamofire/Alamofire.framework",
			);
			name = "[CP] Embed Pods Frameworks";
			outputPaths = (
				"${TARGET_BUILD_DIR}/${FRAMEWORKS_FOLDER_PATH}/Alamofire.framework",
			);
			runOnlyForDeploymentPostprocessing = 0;
			shellPath = /bin/sh;
			shellScript = "\"${SRCROOT}/Pods/Target Support Files/Pods-JGWeather/Pods-JGWeather-frameworks.sh\"\n";
			showEnvVarsInLog = 0;
		};
		AA4F51AE87CF95178AC527CB /* [CP] Check Pods Manifest.lock */ = {
			isa = PBXShellScriptBuildPhase;
			buildActionMask = 2147483647;
			files = (
			);
			inputPaths = (
				"${PODS_PODFILE_DIR_PATH}/Podfile.lock",
				"${PODS_ROOT}/Manifest.lock",
			);
			name = "[CP] Check Pods Manifest.lock";
			outputPaths = (
				"$(DERIVED_FILE_DIR)/Pods-JGWeather-checkManifestLockResult.txt",
			);
			runOnlyForDeploymentPostprocessing = 0;
			shellPath = /bin/sh;
			shellScript = "diff \"${PODS_PODFILE_DIR_PATH}/Podfile.lock\" \"${PODS_ROOT}/Manifest.lock\" > /dev/null\nif [ $? != 0 ] ; then\n    # print error to STDERR\n    echo \"error: The sandbox is not in sync with the Podfile.lock. Run 'pod install' or update your CocoaPods installation.\" >&2\n    exit 1\nfi\n# This output is used by Xcode 'outputs' to avoid re-running this script phase.\necho \"SUCCESS\" > \"${SCRIPT_OUTPUT_FILE_0}\"\n";
			showEnvVarsInLog = 0;
		};
		AB3FAC97768466237947CF9A /* [CP] Check Pods Manifest.lock */ = {
			isa = PBXShellScriptBuildPhase;
			buildActionMask = 2147483647;
			files = (
			);
			inputPaths = (
				"${PODS_PODFILE_DIR_PATH}/Podfile.lock",
				"${PODS_ROOT}/Manifest.lock",
			);
			name = "[CP] Check Pods Manifest.lock";
			outputPaths = (
				"$(DERIVED_FILE_DIR)/Pods-JGWeatherTests-checkManifestLockResult.txt",
			);
			runOnlyForDeploymentPostprocessing = 0;
			shellPath = /bin/sh;
			shellScript = "diff \"${PODS_PODFILE_DIR_PATH}/Podfile.lock\" \"${PODS_ROOT}/Manifest.lock\" > /dev/null\nif [ $? != 0 ] ; then\n    # print error to STDERR\n    echo \"error: The sandbox is not in sync with the Podfile.lock. Run 'pod install' or update your CocoaPods installation.\" >&2\n    exit 1\nfi\n# This output is used by Xcode 'outputs' to avoid re-running this script phase.\necho \"SUCCESS\" > \"${SCRIPT_OUTPUT_FILE_0}\"\n";
			showEnvVarsInLog = 0;
		};
/* End PBXShellScriptBuildPhase section */

/* Begin PBXSourcesBuildPhase section */
		52E5ABCA2138601A00AFE0CC /* Sources */ = {
			isa = PBXSourcesBuildPhase;
			buildActionMask = 2147483647;
			files = (
				52E5ABD42138601A00AFE0CC /* ViewController.swift in Sources */,
				52E5ABD22138601A00AFE0CC /* AppDelegate.swift in Sources */,
				52FF6DE72138873F00C32019 /* JGForecast.swift in Sources */,
			);
			runOnlyForDeploymentPostprocessing = 0;
		};
		52E5ABDE2138601B00AFE0CC /* Sources */ = {
			isa = PBXSourcesBuildPhase;
			buildActionMask = 2147483647;
			files = (
			);
			runOnlyForDeploymentPostprocessing = 0;
		};
/* End PBXSourcesBuildPhase section */

/* Begin PBXTargetDependency section */
		52E5ABE42138601B00AFE0CC /* PBXTargetDependency */ = {
			isa = PBXTargetDependency;
			target = 52E5ABCD2138601A00AFE0CC /* JGWeather */;
			targetProxy = 52E5ABE32138601B00AFE0CC /* PBXContainerItemProxy */;
		};
/* End PBXTargetDependency section */

/* Begin PBXVariantGroup section */
		52E5ABD52138601A00AFE0CC /* Main.storyboard */ = {
			isa = PBXVariantGroup;
			children = (
				52E5ABD62138601A00AFE0CC /* Base */,
			);
			name = Main.storyboard;
			sourceTree = "<group>";
		};
		52E5ABDA2138601B00AFE0CC /* LaunchScreen.storyboard */ = {
			isa = PBXVariantGroup;
			children = (
				52E5ABDB2138601B00AFE0CC /* Base */,
			);
			name = LaunchScreen.storyboard;
			sourceTree = "<group>";
		};
/* End PBXVariantGroup section */

/* Begin XCBuildConfiguration section */
		52E5ABE92138601B00AFE0CC /* Debug */ = {
			isa = XCBuildConfiguration;
			buildSettings = {
				ALWAYS_SEARCH_USER_PATHS = NO;
				CLANG_ANALYZER_NONNULL = YES;
				CLANG_ANALYZER_NUMBER_OBJECT_CONVERSION = YES_AGGRESSIVE;
				CLANG_CXX_LANGUAGE_STANDARD = "gnu++14";
				CLANG_CXX_LIBRARY = "libc++";
				CLANG_ENABLE_MODULES = YES;
				CLANG_ENABLE_OBJC_ARC = YES;
				CLANG_ENABLE_OBJC_WEAK = YES;
				CLANG_WARN_BLOCK_CAPTURE_AUTORELEASING = YES;
				CLANG_WARN_BOOL_CONVERSION = YES;
				CLANG_WARN_COMMA = YES;
				CLANG_WARN_CONSTANT_CONVERSION = YES;
				CLANG_WARN_DEPRECATED_OBJC_IMPLEMENTATIONS = YES;
				CLANG_WARN_DIRECT_OBJC_ISA_USAGE = YES_ERROR;
				CLANG_WARN_DOCUMENTATION_COMMENTS = YES;
				CLANG_WARN_EMPTY_BODY = YES;
				CLANG_WARN_ENUM_CONVERSION = YES;
				CLANG_WARN_INFINITE_RECURSION = YES;
				CLANG_WARN_INT_CONVERSION = YES;
				CLANG_WARN_NON_LITERAL_NULL_CONVERSION = YES;
				CLANG_WARN_OBJC_IMPLICIT_RETAIN_SELF = YES;
				CLANG_WARN_OBJC_LITERAL_CONVERSION = YES;
				CLANG_WARN_OBJC_ROOT_CLASS = YES_ERROR;
				CLANG_WARN_RANGE_LOOP_ANALYSIS = YES;
				CLANG_WARN_STRICT_PROTOTYPES = YES;
				CLANG_WARN_SUSPICIOUS_MOVE = YES;
				CLANG_WARN_UNGUARDED_AVAILABILITY = YES_AGGRESSIVE;
				CLANG_WARN_UNREACHABLE_CODE = YES;
				CLANG_WARN__DUPLICATE_METHOD_MATCH = YES;
				CODE_SIGN_IDENTITY = "iPhone Developer";
				COPY_PHASE_STRIP = NO;
				DEBUG_INFORMATION_FORMAT = dwarf;
				ENABLE_STRICT_OBJC_MSGSEND = YES;
				ENABLE_TESTABILITY = YES;
				GCC_C_LANGUAGE_STANDARD = gnu11;
				GCC_DYNAMIC_NO_PIC = NO;
				GCC_NO_COMMON_BLOCKS = YES;
				GCC_OPTIMIZATION_LEVEL = 0;
				GCC_PREPROCESSOR_DEFINITIONS = (
					"DEBUG=1",
					"$(inherited)",
				);
				GCC_WARN_64_TO_32_BIT_CONVERSION = YES;
				GCC_WARN_ABOUT_RETURN_TYPE = YES_ERROR;
				GCC_WARN_UNDECLARED_SELECTOR = YES;
				GCC_WARN_UNINITIALIZED_AUTOS = YES_AGGRESSIVE;
				GCC_WARN_UNUSED_FUNCTION = YES;
				GCC_WARN_UNUSED_VARIABLE = YES;
				IPHONEOS_DEPLOYMENT_TARGET = 11.4;
				MTL_ENABLE_DEBUG_INFO = YES;
				ONLY_ACTIVE_ARCH = YES;
				SDKROOT = iphoneos;
				SWIFT_ACTIVE_COMPILATION_CONDITIONS = DEBUG;
				SWIFT_OPTIMIZATION_LEVEL = "-Onone";
			};
			name = Debug;
		};
		52E5ABEA2138601B00AFE0CC /* Release */ = {
			isa = XCBuildConfiguration;
			buildSettings = {
				ALWAYS_SEARCH_USER_PATHS = NO;
				CLANG_ANALYZER_NONNULL = YES;
				CLANG_ANALYZER_NUMBER_OBJECT_CONVERSION = YES_AGGRESSIVE;
				CLANG_CXX_LANGUAGE_STANDARD = "gnu++14";
				CLANG_CXX_LIBRARY = "libc++";
				CLANG_ENABLE_MODULES = YES;
				CLANG_ENABLE_OBJC_ARC = YES;
				CLANG_ENABLE_OBJC_WEAK = YES;
				CLANG_WARN_BLOCK_CAPTURE_AUTORELEASING = YES;
				CLANG_WARN_BOOL_CONVERSION = YES;
				CLANG_WARN_COMMA = YES;
				CLANG_WARN_CONSTANT_CONVERSION = YES;
				CLANG_WARN_DEPRECATED_OBJC_IMPLEMENTATIONS = YES;
				CLANG_WARN_DIRECT_OBJC_ISA_USAGE = YES_ERROR;
				CLANG_WARN_DOCUMENTATION_COMMENTS = YES;
				CLANG_WARN_EMPTY_BODY = YES;
				CLANG_WARN_ENUM_CONVERSION = YES;
				CLANG_WARN_INFINITE_RECURSION = YES;
				CLANG_WARN_INT_CONVERSION = YES;
				CLANG_WARN_NON_LITERAL_NULL_CONVERSION = YES;
				CLANG_WARN_OBJC_IMPLICIT_RETAIN_SELF = YES;
				CLANG_WARN_OBJC_LITERAL_CONVERSION = YES;
				CLANG_WARN_OBJC_ROOT_CLASS = YES_ERROR;
				CLANG_WARN_RANGE_LOOP_ANALYSIS = YES;
				CLANG_WARN_STRICT_PROTOTYPES = YES;
				CLANG_WARN_SUSPICIOUS_MOVE = YES;
				CLANG_WARN_UNGUARDED_AVAILABILITY = YES_AGGRESSIVE;
				CLANG_WARN_UNREACHABLE_CODE = YES;
				CLANG_WARN__DUPLICATE_METHOD_MATCH = YES;
				CODE_SIGN_IDENTITY = "iPhone Developer";
				COPY_PHASE_STRIP = NO;
				DEBUG_INFORMATION_FORMAT = "dwarf-with-dsym";
				ENABLE_NS_ASSERTIONS = NO;
				ENABLE_STRICT_OBJC_MSGSEND = YES;
				GCC_C_LANGUAGE_STANDARD = gnu11;
				GCC_NO_COMMON_BLOCKS = YES;
				GCC_WARN_64_TO_32_BIT_CONVERSION = YES;
				GCC_WARN_ABOUT_RETURN_TYPE = YES_ERROR;
				GCC_WARN_UNDECLARED_SELECTOR = YES;
				GCC_WARN_UNINITIALIZED_AUTOS = YES_AGGRESSIVE;
				GCC_WARN_UNUSED_FUNCTION = YES;
				GCC_WARN_UNUSED_VARIABLE = YES;
				IPHONEOS_DEPLOYMENT_TARGET = 11.4;
				MTL_ENABLE_DEBUG_INFO = NO;
				SDKROOT = iphoneos;
				SWIFT_COMPILATION_MODE = wholemodule;
				SWIFT_OPTIMIZATION_LEVEL = "-O";
				VALIDATE_PRODUCT = YES;
			};
			name = Release;
		};
		52E5ABEC2138601B00AFE0CC /* Debug */ = {
			isa = XCBuildConfiguration;
			baseConfigurationReference = 08623DCD7E4E7E8897B58790 /* Pods-JGWeather.debug.xcconfig */;
			buildSettings = {
				ASSETCATALOG_COMPILER_APPICON_NAME = AppIcon;
				CODE_SIGN_STYLE = Automatic;
				INFOPLIST_FILE = JGWeather/Info.plist;
				LD_RUNPATH_SEARCH_PATHS = (
					"$(inherited)",
					"@executable_path/Frameworks",
				);
				PRODUCT_BUNDLE_IDENTIFIER = com.joshgare.JGWeather;
				PRODUCT_NAME = "$(TARGET_NAME)";
				SWIFT_VERSION = 4.0;
				TARGETED_DEVICE_FAMILY = "1,2";
			};
			name = Debug;
		};
		52E5ABED2138601B00AFE0CC /* Release */ = {
			isa = XCBuildConfiguration;
			baseConfigurationReference = 1C620FF389C7ED8DF6FE602A /* Pods-JGWeather.release.xcconfig */;
			buildSettings = {
				ASSETCATALOG_COMPILER_APPICON_NAME = AppIcon;
				CODE_SIGN_STYLE = Automatic;
				INFOPLIST_FILE = JGWeather/Info.plist;
				LD_RUNPATH_SEARCH_PATHS = (
					"$(inherited)",
					"@executable_path/Frameworks",
				);
				PRODUCT_BUNDLE_IDENTIFIER = com.joshgare.JGWeather;
				PRODUCT_NAME = "$(TARGET_NAME)";
				SWIFT_VERSION = 4.0;
				TARGETED_DEVICE_FAMILY = "1,2";
			};
			name = Release;
		};
		52E5ABEF2138601B00AFE0CC /* Debug */ = {
			isa = XCBuildConfiguration;
			baseConfigurationReference = 0EFA87AB7D875AC15BF68319 /* Pods-JGWeatherTests.debug.xcconfig */;
			buildSettings = {
				ALWAYS_EMBED_SWIFT_STANDARD_LIBRARIES = YES;
				BUNDLE_LOADER = "$(TEST_HOST)";
				CODE_SIGN_STYLE = Automatic;
				INFOPLIST_FILE = JGWeatherTests/Info.plist;
				LD_RUNPATH_SEARCH_PATHS = (
					"$(inherited)",
					"@executable_path/Frameworks",
					"@loader_path/Frameworks",
				);
				PRODUCT_BUNDLE_IDENTIFIER = com.joshgare.JGWeatherTests;
				PRODUCT_NAME = "$(TARGET_NAME)";
				SWIFT_VERSION = 4.0;
				TARGETED_DEVICE_FAMILY = "1,2";
				TEST_HOST = "$(BUILT_PRODUCTS_DIR)/JGWeather.app/JGWeather";
			};
			name = Debug;
		};
		52E5ABF02138601B00AFE0CC /* Release */ = {
			isa = XCBuildConfiguration;
			baseConfigurationReference = 0FDA06C9AAFD508116957360 /* Pods-JGWeatherTests.release.xcconfig */;
			buildSettings = {
				ALWAYS_EMBED_SWIFT_STANDARD_LIBRARIES = YES;
				BUNDLE_LOADER = "$(TEST_HOST)";
				CODE_SIGN_STYLE = Automatic;
				INFOPLIST_FILE = JGWeatherTests/Info.plist;
				LD_RUNPATH_SEARCH_PATHS = (
					"$(inherited)",
					"@executable_path/Frameworks",
					"@loader_path/Frameworks",
				);
				PRODUCT_BUNDLE_IDENTIFIER = com.joshgare.JGWeatherTests;
				PRODUCT_NAME = "$(TARGET_NAME)";
				SWIFT_VERSION = 4.0;
				TARGETED_DEVICE_FAMILY = "1,2";
				TEST_HOST = "$(BUILT_PRODUCTS_DIR)/JGWeather.app/JGWeather";
			};
			name = Release;
		};
/* End XCBuildConfiguration section */

/* Begin XCConfigurationList section */
		52E5ABC92138601A00AFE0CC /* Build configuration list for PBXProject "JGWeather" */ = {
			isa = XCConfigurationList;
			buildConfigurations = (
				52E5ABE92138601B00AFE0CC /* Debug */,
				52E5ABEA2138601B00AFE0CC /* Release */,
			);
			defaultConfigurationIsVisible = 0;
			defaultConfigurationName = Release;
		};
		52E5ABEB2138601B00AFE0CC /* Build configuration list for PBXNativeTarget "JGWeather" */ = {
			isa = XCConfigurationList;
			buildConfigurations = (
				52E5ABEC2138601B00AFE0CC /* Debug */,
				52E5ABED2138601B00AFE0CC /* Release */,
			);
			defaultConfigurationIsVisible = 0;
			defaultConfigurationName = Release;
		};
		52E5ABEE2138601B00AFE0CC /* Build configuration list for PBXNativeTarget "JGWeatherTests" */ = {
			isa = XCConfigurationList;
			buildConfigurations = (
				52E5ABEF2138601B00AFE0CC /* Debug */,
				52E5ABF02138601B00AFE0CC /* Release */,
			);
			defaultConfigurationIsVisible = 0;
			defaultConfigurationName = Release;
		};
/* End XCConfigurationList section */
	};
	rootObject = 52E5ABC62138601A00AFE0CC /* Project object */;
}
